// !$*UTF8*$!
{
	archiveVersion = 1;
	classes = {
	};
	objectVersion = 50;
	objects = {

/* Begin PBXBuildFile section */
		D7C14C0523D8D05D00ECAC83 /* StoryViewController.swift in Sources */ = {isa = PBXBuildFile; fileRef = D7C14C0423D8D05D00ECAC83 /* StoryViewController.swift */; };
		D7C14C0723DA3BAF00ECAC83 /* BackgroundView.swift in Sources */ = {isa = PBXBuildFile; fileRef = D7C14C0623DA3BAF00ECAC83 /* BackgroundView.swift */; };
		D7C14C0A23DB22D100ECAC83 /* Story.swift in Sources */ = {isa = PBXBuildFile; fileRef = D7C14C0923DB22D100ECAC83 /* Story.swift */; };
		D7C14C0C23DB22DA00ECAC83 /* Milestone.swift in Sources */ = {isa = PBXBuildFile; fileRef = D7C14C0B23DB22DA00ECAC83 /* Milestone.swift */; };
		D7C14C0E23DB25DF00ECAC83 /* Manager.swift in Sources */ = {isa = PBXBuildFile; fileRef = D7C14C0D23DB25DF00ECAC83 /* Manager.swift */; };
		D7C14C1123DB3B7600ECAC83 /* AnimatedGradientBorderView.swift in Sources */ = {isa = PBXBuildFile; fileRef = D7C14C1023DB3B7600ECAC83 /* AnimatedGradientBorderView.swift */; };
		D7C14C1423DB5A3900ECAC83 /* MilestoneLayout.swift in Sources */ = {isa = PBXBuildFile; fileRef = D7C14C1323DB5A3900ECAC83 /* MilestoneLayout.swift */; };
		D7C14C1623DB5DC400ECAC83 /* MilestoneCollectionViewCell.swift in Sources */ = {isa = PBXBuildFile; fileRef = D7C14C1523DB5DC400ECAC83 /* MilestoneCollectionViewCell.swift */; };
		D7C14C1D23DB732700ECAC83 /* NavigationController.swift in Sources */ = {isa = PBXBuildFile; fileRef = D7C14C1C23DB732700ECAC83 /* NavigationController.swift */; };
		D7C14C1F23DB73E300ECAC83 /* StoryDetailPushTransition.swift in Sources */ = {isa = PBXBuildFile; fileRef = D7C14C1E23DB73E300ECAC83 /* StoryDetailPushTransition.swift */; };
		D7C14C2123DB742A00ECAC83 /* StoryDetailTransitionAnimatorDelegate.swift in Sources */ = {isa = PBXBuildFile; fileRef = D7C14C2023DB742A00ECAC83 /* StoryDetailTransitionAnimatorDelegate.swift */; };
		D7C14C2323DB7A0A00ECAC83 /* AnimojiView.swift in Sources */ = {isa = PBXBuildFile; fileRef = D7C14C2223DB7A0A00ECAC83 /* AnimojiView.swift */; };
		D7FFA64723D7878D00A2268A /* AppDelegate.swift in Sources */ = {isa = PBXBuildFile; fileRef = D7FFA64623D7878D00A2268A /* AppDelegate.swift */; };
		D7FFA64923D7878D00A2268A /* SceneDelegate.swift in Sources */ = {isa = PBXBuildFile; fileRef = D7FFA64823D7878D00A2268A /* SceneDelegate.swift */; };
		D7FFA64B23D7878D00A2268A /* ViewController.swift in Sources */ = {isa = PBXBuildFile; fileRef = D7FFA64A23D7878D00A2268A /* ViewController.swift */; };
		D7FFA64E23D7878D00A2268A /* Main.storyboard in Resources */ = {isa = PBXBuildFile; fileRef = D7FFA64C23D7878D00A2268A /* Main.storyboard */; };
		D7FFA65023D7879100A2268A /* Assets.xcassets in Resources */ = {isa = PBXBuildFile; fileRef = D7FFA64F23D7879100A2268A /* Assets.xcassets */; };
		D7FFA65323D7879100A2268A /* LaunchScreen.storyboard in Resources */ = {isa = PBXBuildFile; fileRef = D7FFA65123D7879100A2268A /* LaunchScreen.storyboard */; };
		D7FFA68323D7927A00A2268A /* Extensions.swift in Sources */ = {isa = PBXBuildFile; fileRef = D7FFA68223D7927A00A2268A /* Extensions.swift */; };
/* End PBXBuildFile section */

/* Begin PBXFileReference section */
		D7C14C0423D8D05D00ECAC83 /* StoryViewController.swift */ = {isa = PBXFileReference; lastKnownFileType = sourcecode.swift; path = StoryViewController.swift; sourceTree = "<group>"; };
		D7C14C0623DA3BAF00ECAC83 /* BackgroundView.swift */ = {isa = PBXFileReference; lastKnownFileType = sourcecode.swift; path = BackgroundView.swift; sourceTree = "<group>"; };
		D7C14C0923DB22D100ECAC83 /* Story.swift */ = {isa = PBXFileReference; lastKnownFileType = sourcecode.swift; path = Story.swift; sourceTree = "<group>"; };
		D7C14C0B23DB22DA00ECAC83 /* Milestone.swift */ = {isa = PBXFileReference; lastKnownFileType = sourcecode.swift; path = Milestone.swift; sourceTree = "<group>"; };
		D7C14C0D23DB25DF00ECAC83 /* Manager.swift */ = {isa = PBXFileReference; lastKnownFileType = sourcecode.swift; path = Manager.swift; sourceTree = "<group>"; };
		D7C14C1023DB3B7600ECAC83 /* AnimatedGradientBorderView.swift */ = {isa = PBXFileReference; lastKnownFileType = sourcecode.swift; path = AnimatedGradientBorderView.swift; sourceTree = "<group>"; };
		D7C14C1323DB5A3900ECAC83 /* MilestoneLayout.swift */ = {isa = PBXFileReference; lastKnownFileType = sourcecode.swift; path = MilestoneLayout.swift; sourceTree = "<group>"; };
		D7C14C1523DB5DC400ECAC83 /* MilestoneCollectionViewCell.swift */ = {isa = PBXFileReference; lastKnownFileType = sourcecode.swift; path = MilestoneCollectionViewCell.swift; sourceTree = "<group>"; };
		D7C14C1C23DB732700ECAC83 /* NavigationController.swift */ = {isa = PBXFileReference; lastKnownFileType = sourcecode.swift; path = NavigationController.swift; sourceTree = "<group>"; };
		D7C14C1E23DB73E300ECAC83 /* StoryDetailPushTransition.swift */ = {isa = PBXFileReference; lastKnownFileType = sourcecode.swift; path = StoryDetailPushTransition.swift; sourceTree = "<group>"; };
		D7C14C2023DB742A00ECAC83 /* StoryDetailTransitionAnimatorDelegate.swift */ = {isa = PBXFileReference; lastKnownFileType = sourcecode.swift; path = StoryDetailTransitionAnimatorDelegate.swift; sourceTree = "<group>"; };
		D7C14C2223DB7A0A00ECAC83 /* AnimojiView.swift */ = {isa = PBXFileReference; lastKnownFileType = sourcecode.swift; path = AnimojiView.swift; sourceTree = "<group>"; };
		D7FFA64323D7878D00A2268A /* NC1.app */ = {isa = PBXFileReference; explicitFileType = wrapper.application; includeInIndex = 0; path = NC1.app; sourceTree = BUILT_PRODUCTS_DIR; };
		D7FFA64623D7878D00A2268A /* AppDelegate.swift */ = {isa = PBXFileReference; lastKnownFileType = sourcecode.swift; path = AppDelegate.swift; sourceTree = "<group>"; };
		D7FFA64823D7878D00A2268A /* SceneDelegate.swift */ = {isa = PBXFileReference; lastKnownFileType = sourcecode.swift; path = SceneDelegate.swift; sourceTree = "<group>"; };
		D7FFA64A23D7878D00A2268A /* ViewController.swift */ = {isa = PBXFileReference; lastKnownFileType = sourcecode.swift; path = ViewController.swift; sourceTree = "<group>"; };
		D7FFA64D23D7878D00A2268A /* Base */ = {isa = PBXFileReference; lastKnownFileType = file.storyboard; name = Base; path = Base.lproj/Main.storyboard; sourceTree = "<group>"; };
		D7FFA64F23D7879100A2268A /* Assets.xcassets */ = {isa = PBXFileReference; lastKnownFileType = folder.assetcatalog; path = Assets.xcassets; sourceTree = "<group>"; };
		D7FFA65223D7879100A2268A /* Base */ = {isa = PBXFileReference; lastKnownFileType = file.storyboard; name = Base; path = Base.lproj/LaunchScreen.storyboard; sourceTree = "<group>"; };
		D7FFA65423D7879100A2268A /* Info.plist */ = {isa = PBXFileReference; lastKnownFileType = text.plist.xml; path = Info.plist; sourceTree = "<group>"; };
		D7FFA68223D7927A00A2268A /* Extensions.swift */ = {isa = PBXFileReference; lastKnownFileType = sourcecode.swift; path = Extensions.swift; sourceTree = "<group>"; };
/* End PBXFileReference section */

/* Begin PBXFrameworksBuildPhase section */
		D7FFA64023D7878D00A2268A /* Frameworks */ = {
			isa = PBXFrameworksBuildPhase;
			buildActionMask = 2147483647;
			files = (
			);
			runOnlyForDeploymentPostprocessing = 0;
		};
/* End PBXFrameworksBuildPhase section */

/* Begin PBXGroup section */
		D7C14C0823DB22C400ECAC83 /* model */ = {
			isa = PBXGroup;
			children = (
				D7C14C0923DB22D100ECAC83 /* Story.swift */,
				D7C14C0B23DB22DA00ECAC83 /* Milestone.swift */,
				D7C14C0D23DB25DF00ECAC83 /* Manager.swift */,
			);
			path = model;
			sourceTree = "<group>";
		};
		D7C14C0F23DB3B6700ECAC83 /* view */ = {
			isa = PBXGroup;
			children = (
				D7C14C0623DA3BAF00ECAC83 /* BackgroundView.swift */,
				D7C14C1023DB3B7600ECAC83 /* AnimatedGradientBorderView.swift */,
				D7C14C2223DB7A0A00ECAC83 /* AnimojiView.swift */,
			);
			path = view;
			sourceTree = "<group>";
		};
		D7C14C1223DB59E100ECAC83 /* milestoneCollection */ = {
			isa = PBXGroup;
			children = (
				D7C14C1323DB5A3900ECAC83 /* MilestoneLayout.swift */,
				D7C14C1523DB5DC400ECAC83 /* MilestoneCollectionViewCell.swift */,
			);
			path = milestoneCollection;
			sourceTree = "<group>";
		};
		D7C14C1B23DB730500ECAC83 /* navigation */ = {
			isa = PBXGroup;
			children = (
				D7C14C1C23DB732700ECAC83 /* NavigationController.swift */,
				D7C14C1E23DB73E300ECAC83 /* StoryDetailPushTransition.swift */,
				D7C14C2023DB742A00ECAC83 /* StoryDetailTransitionAnimatorDelegate.swift */,
			);
			path = navigation;
			sourceTree = "<group>";
		};
		D7FFA63A23D7878D00A2268A = {
			isa = PBXGroup;
			children = (
				D7FFA64523D7878D00A2268A /* NC1 */,
				D7FFA64423D7878D00A2268A /* Products */,
			);
			sourceTree = "<group>";
		};
		D7FFA64423D7878D00A2268A /* Products */ = {
			isa = PBXGroup;
			children = (
				D7FFA64323D7878D00A2268A /* NC1.app */,
			);
			name = Products;
			sourceTree = "<group>";
		};
		D7FFA64523D7878D00A2268A /* NC1 */ = {
			isa = PBXGroup;
			children = (
				D7C14C1B23DB730500ECAC83 /* navigation */,
				D7C14C1223DB59E100ECAC83 /* milestoneCollection */,
				D7C14C0F23DB3B6700ECAC83 /* view */,
				D7C14C0823DB22C400ECAC83 /* model */,
				D7FFA64623D7878D00A2268A /* AppDelegate.swift */,
				D7FFA64823D7878D00A2268A /* SceneDelegate.swift */,
				D7FFA64A23D7878D00A2268A /* ViewController.swift */,
				D7C14C0423D8D05D00ECAC83 /* StoryViewController.swift */,
				D7FFA64C23D7878D00A2268A /* Main.storyboard */,
				D7FFA64F23D7879100A2268A /* Assets.xcassets */,
				D7FFA65123D7879100A2268A /* LaunchScreen.storyboard */,
				D7FFA65423D7879100A2268A /* Info.plist */,
				D7FFA68223D7927A00A2268A /* Extensions.swift */,
			);
			path = NC1;
			sourceTree = "<group>";
		};
/* End PBXGroup section */

/* Begin PBXNativeTarget section */
		D7FFA64223D7878D00A2268A /* NC1 */ = {
			isa = PBXNativeTarget;
			buildConfigurationList = D7FFA65723D7879100A2268A /* Build configuration list for PBXNativeTarget "NC1" */;
			buildPhases = (
				D7FFA63F23D7878D00A2268A /* Sources */,
				D7FFA64023D7878D00A2268A /* Frameworks */,
				D7FFA64123D7878D00A2268A /* Resources */,
			);
			buildRules = (
			);
			dependencies = (
			);
			name = NC1;
			productName = NC1;
			productReference = D7FFA64323D7878D00A2268A /* NC1.app */;
			productType = "com.apple.product-type.application";
		};
/* End PBXNativeTarget section */

/* Begin PBXProject section */
		D7FFA63B23D7878D00A2268A /* Project object */ = {
			isa = PBXProject;
			attributes = {
				LastSwiftUpdateCheck = 1130;
				LastUpgradeCheck = 1130;
				ORGANIZATIONNAME = "Bruno Pastre";
				TargetAttributes = {
					D7FFA64223D7878D00A2268A = {
						CreatedOnToolsVersion = 11.3.1;
					};
				};
			};
			buildConfigurationList = D7FFA63E23D7878D00A2268A /* Build configuration list for PBXProject "NC1" */;
			compatibilityVersion = "Xcode 9.3";
			developmentRegion = en;
			hasScannedForEncodings = 0;
			knownRegions = (
				en,
				Base,
			);
			mainGroup = D7FFA63A23D7878D00A2268A;
			productRefGroup = D7FFA64423D7878D00A2268A /* Products */;
			projectDirPath = "";
			projectRoot = "";
			targets = (
				D7FFA64223D7878D00A2268A /* NC1 */,
			);
		};
/* End PBXProject section */

/* Begin PBXResourcesBuildPhase section */
		D7FFA64123D7878D00A2268A /* Resources */ = {
			isa = PBXResourcesBuildPhase;
			buildActionMask = 2147483647;
			files = (
				D7FFA65323D7879100A2268A /* LaunchScreen.storyboard in Resources */,
				D7FFA65023D7879100A2268A /* Assets.xcassets in Resources */,
				D7FFA64E23D7878D00A2268A /* Main.storyboard in Resources */,
			);
			runOnlyForDeploymentPostprocessing = 0;
		};
/* End PBXResourcesBuildPhase section */

/* Begin PBXSourcesBuildPhase section */
		D7FFA63F23D7878D00A2268A /* Sources */ = {
			isa = PBXSourcesBuildPhase;
			buildActionMask = 2147483647;
			files = (
				D7C14C0A23DB22D100ECAC83 /* Story.swift in Sources */,
				D7C14C0523D8D05D00ECAC83 /* StoryViewController.swift in Sources */,
				D7C14C1423DB5A3900ECAC83 /* MilestoneLayout.swift in Sources */,
				D7C14C0C23DB22DA00ECAC83 /* Milestone.swift in Sources */,
				D7FFA68323D7927A00A2268A /* Extensions.swift in Sources */,
				D7C14C1123DB3B7600ECAC83 /* AnimatedGradientBorderView.swift in Sources */,
				D7FFA64B23D7878D00A2268A /* ViewController.swift in Sources */,
				D7C14C0723DA3BAF00ECAC83 /* BackgroundView.swift in Sources */,
				D7C14C1D23DB732700ECAC83 /* NavigationController.swift in Sources */,
				D7FFA64723D7878D00A2268A /* AppDelegate.swift in Sources */,
				D7C14C1623DB5DC400ECAC83 /* MilestoneCollectionViewCell.swift in Sources */,
				D7C14C0E23DB25DF00ECAC83 /* Manager.swift in Sources */,
				D7C14C2123DB742A00ECAC83 /* StoryDetailTransitionAnimatorDelegate.swift in Sources */,
				D7FFA64923D7878D00A2268A /* SceneDelegate.swift in Sources */,
				D7C14C2323DB7A0A00ECAC83 /* AnimojiView.swift in Sources */,
				D7C14C1F23DB73E300ECAC83 /* StoryDetailPushTransition.swift in Sources */,
			);
			runOnlyForDeploymentPostprocessing = 0;
		};
/* End PBXSourcesBuildPhase section */

/* Begin PBXVariantGroup section */
		D7FFA64C23D7878D00A2268A /* Main.storyboard */ = {
			isa = PBXVariantGroup;
			children = (
				D7FFA64D23D7878D00A2268A /* Base */,
			);
			name = Main.storyboard;
			sourceTree = "<group>";
		};
		D7FFA65123D7879100A2268A /* LaunchScreen.storyboard */ = {
			isa = PBXVariantGroup;
			children = (
				D7FFA65223D7879100A2268A /* Base */,
			);
			name = LaunchScreen.storyboard;
			sourceTree = "<group>";
		};
/* End PBXVariantGroup section */

/* Begin XCBuildConfiguration section */
		D7FFA65523D7879100A2268A /* Debug */ = {
			isa = XCBuildConfiguration;
			buildSettings = {
				ALWAYS_SEARCH_USER_PATHS = NO;
				CLANG_ANALYZER_NONNULL = YES;
				CLANG_ANALYZER_NUMBER_OBJECT_CONVERSION = YES_AGGRESSIVE;
				CLANG_CXX_LANGUAGE_STANDARD = "gnu++14";
				CLANG_CXX_LIBRARY = "libc++";
				CLANG_ENABLE_MODULES = YES;
				CLANG_ENABLE_OBJC_ARC = YES;
				CLANG_ENABLE_OBJC_WEAK = YES;
				CLANG_WARN_BLOCK_CAPTURE_AUTORELEASING = YES;
				CLANG_WARN_BOOL_CONVERSION = YES;
				CLANG_WARN_COMMA = YES;
				CLANG_WARN_CONSTANT_CONVERSION = YES;
				CLANG_WARN_DEPRECATED_OBJC_IMPLEMENTATIONS = YES;
				CLANG_WARN_DIRECT_OBJC_ISA_USAGE = YES_ERROR;
				CLANG_WARN_DOCUMENTATION_COMMENTS = YES;
				CLANG_WARN_EMPTY_BODY = YES;
				CLANG_WARN_ENUM_CONVERSION = YES;
				CLANG_WARN_INFINITE_RECURSION = YES;
				CLANG_WARN_INT_CONVERSION = YES;
				CLANG_WARN_NON_LITERAL_NULL_CONVERSION = YES;
				CLANG_WARN_OBJC_IMPLICIT_RETAIN_SELF = YES;
				CLANG_WARN_OBJC_LITERAL_CONVERSION = YES;
				CLANG_WARN_OBJC_ROOT_CLASS = YES_ERROR;
				CLANG_WARN_RANGE_LOOP_ANALYSIS = YES;
				CLANG_WARN_STRICT_PROTOTYPES = YES;
				CLANG_WARN_SUSPICIOUS_MOVE = YES;
				CLANG_WARN_UNGUARDED_AVAILABILITY = YES_AGGRESSIVE;
				CLANG_WARN_UNREACHABLE_CODE = YES;
				CLANG_WARN__DUPLICATE_METHOD_MATCH = YES;
				COPY_PHASE_STRIP = NO;
				DEBUG_INFORMATION_FORMAT = dwarf;
				ENABLE_STRICT_OBJC_MSGSEND = YES;
				ENABLE_TESTABILITY = YES;
				GCC_C_LANGUAGE_STANDARD = gnu11;
				GCC_DYNAMIC_NO_PIC = NO;
				GCC_NO_COMMON_BLOCKS = YES;
				GCC_OPTIMIZATION_LEVEL = 0;
				GCC_PREPROCESSOR_DEFINITIONS = (
					"DEBUG=1",
					"$(inherited)",
				);
				GCC_WARN_64_TO_32_BIT_CONVERSION = YES;
				GCC_WARN_ABOUT_RETURN_TYPE = YES_ERROR;
				GCC_WARN_UNDECLARED_SELECTOR = YES;
				GCC_WARN_UNINITIALIZED_AUTOS = YES_AGGRESSIVE;
				GCC_WARN_UNUSED_FUNCTION = YES;
				GCC_WARN_UNUSED_VARIABLE = YES;
				IPHONEOS_DEPLOYMENT_TARGET = 13.2;
				MTL_ENABLE_DEBUG_INFO = INCLUDE_SOURCE;
				MTL_FAST_MATH = YES;
				ONLY_ACTIVE_ARCH = YES;
				SDKROOT = iphoneos;
				SWIFT_ACTIVE_COMPILATION_CONDITIONS = DEBUG;
				SWIFT_OPTIMIZATION_LEVEL = "-Onone";
			};
			name = Debug;
		};
		D7FFA65623D7879100A2268A /* Release */ = {
			isa = XCBuildConfiguration;
			buildSettings = {
				ALWAYS_SEARCH_USER_PATHS = NO;
				CLANG_ANALYZER_NONNULL = YES;
				CLANG_ANALYZER_NUMBER_OBJECT_CONVERSION = YES_AGGRESSIVE;
				CLANG_CXX_LANGUAGE_STANDARD = "gnu++14";
				CLANG_CXX_LIBRARY = "libc++";
				CLANG_ENABLE_MODULES = YES;
				CLANG_ENABLE_OBJC_ARC = YES;
				CLANG_ENABLE_OBJC_WEAK = YES;
				CLANG_WARN_BLOCK_CAPTURE_AUTORELEASING = YES;
				CLANG_WARN_BOOL_CONVERSION = YES;
				CLANG_WARN_COMMA = YES;
				CLANG_WARN_CONSTANT_CONVERSION = YES;
				CLANG_WARN_DEPRECATED_OBJC_IMPLEMENTATIONS = YES;
				CLANG_WARN_DIRECT_OBJC_ISA_USAGE = YES_ERROR;
				CLANG_WARN_DOCUMENTATION_COMMENTS = YES;
				CLANG_WARN_EMPTY_BODY = YES;
				CLANG_WARN_ENUM_CONVERSION = YES;
				CLANG_WARN_INFINITE_RECURSION = YES;
				CLANG_WARN_INT_CONVERSION = YES;
				CLANG_WARN_NON_LITERAL_NULL_CONVERSION = YES;
				CLANG_WARN_OBJC_IMPLICIT_RETAIN_SELF = YES;
				CLANG_WARN_OBJC_LITERAL_CONVERSION = YES;
				CLANG_WARN_OBJC_ROOT_CLASS = YES_ERROR;
				CLANG_WARN_RANGE_LOOP_ANALYSIS = YES;
				CLANG_WARN_STRICT_PROTOTYPES = YES;
				CLANG_WARN_SUSPICIOUS_MOVE = YES;
				CLANG_WARN_UNGUARDED_AVAILABILITY = YES_AGGRESSIVE;
				CLANG_WARN_UNREACHABLE_CODE = YES;
				CLANG_WARN__DUPLICATE_METHOD_MATCH = YES;
				COPY_PHASE_STRIP = NO;
				DEBUG_INFORMATION_FORMAT = "dwarf-with-dsym";
				ENABLE_NS_ASSERTIONS = NO;
				ENABLE_STRICT_OBJC_MSGSEND = YES;
				GCC_C_LANGUAGE_STANDARD = gnu11;
				GCC_NO_COMMON_BLOCKS = YES;
				GCC_WARN_64_TO_32_BIT_CONVERSION = YES;
				GCC_WARN_ABOUT_RETURN_TYPE = YES_ERROR;
				GCC_WARN_UNDECLARED_SELECTOR = YES;
				GCC_WARN_UNINITIALIZED_AUTOS = YES_AGGRESSIVE;
				GCC_WARN_UNUSED_FUNCTION = YES;
				GCC_WARN_UNUSED_VARIABLE = YES;
				IPHONEOS_DEPLOYMENT_TARGET = 13.2;
				MTL_ENABLE_DEBUG_INFO = NO;
				MTL_FAST_MATH = YES;
				SDKROOT = iphoneos;
				SWIFT_COMPILATION_MODE = wholemodule;
				SWIFT_OPTIMIZATION_LEVEL = "-O";
				VALIDATE_PRODUCT = YES;
			};
			name = Release;
		};
		D7FFA65823D7879100A2268A /* Debug */ = {
			isa = XCBuildConfiguration;
			buildSettings = {
				ASSETCATALOG_COMPILER_APPICON_NAME = AppIcon;
				CODE_SIGN_STYLE = Automatic;
				DEVELOPMENT_TEAM = QM43B7QRF9;
				INFOPLIST_FILE = NC1/Info.plist;
				LD_RUNPATH_SEARCH_PATHS = (
					"$(inherited)",
					"@executable_path/Frameworks",
				);
				PRODUCT_BUNDLE_IDENTIFIER = pastre.github.io.NC1;
				PRODUCT_NAME = "$(TARGET_NAME)";
				SWIFT_VERSION = 5.0;
				TARGETED_DEVICE_FAMILY = "1,2";
			};
			name = Debug;
		};
		D7FFA65923D7879100A2268A /* Release */ = {
			isa = XCBuildConfiguration;
			buildSettings = {
				ASSETCATALOG_COMPILER_APPICON_NAME = AppIcon;
				CODE_SIGN_STYLE = Automatic;
				DEVELOPMENT_TEAM = QM43B7QRF9;
				INFOPLIST_FILE = NC1/Info.plist;
				LD_RUNPATH_SEARCH_PATHS = (
					"$(inherited)",
					"@executable_path/Frameworks",
				);
				PRODUCT_BUNDLE_IDENTIFIER = pastre.github.io.NC1;
				PRODUCT_NAME = "$(TARGET_NAME)";
				SWIFT_VERSION = 5.0;
				TARGETED_DEVICE_FAMILY = "1,2";
			};
			name = Release;
		};
/* End XCBuildConfiguration section */

/* Begin XCConfigurationList section */
		D7FFA63E23D7878D00A2268A /* Build configuration list for PBXProject "NC1" */ = {
			isa = XCConfigurationList;
			buildConfigurations = (
				D7FFA65523D7879100A2268A /* Debug */,
				D7FFA65623D7879100A2268A /* Release */,
			);
			defaultConfigurationIsVisible = 0;
			defaultConfigurationName = Release;
		};
		D7FFA65723D7879100A2268A /* Build configuration list for PBXNativeTarget "NC1" */ = {
			isa = XCConfigurationList;
			buildConfigurations = (
				D7FFA65823D7879100A2268A /* Debug */,
				D7FFA65923D7879100A2268A /* Release */,
			);
			defaultConfigurationIsVisible = 0;
			defaultConfigurationName = Release;
		};
/* End XCConfigurationList section */
	};
	rootObject = D7FFA63B23D7878D00A2268A /* Project object */;
}
